
Microsoft Visual Studio Solution File, Format Version 12.00
# Visual Studio 2013
VisualStudioVersion = 12.0.40629.0
MinimumVisualStudioVersion = 10.0.40219.1
Project("{FAE04EC0-301F-11D3-BF4B-00C04F79EFBC}") = "efDataExporter", "efDataExporter\efDataExporter.csproj", "{380011AE-17C1-44C3-A438-E7F0953ED7AA}"
EndProject
Global
	GlobalSection(SolutionConfigurationPlatforms) = preSolution
		Debug|Any CPU = Debug|Any CPU
		Production|Any CPU = Production|Any CPU
		Release|Any CPU = Release|Any CPU
		Staging|Any CPU = Staging|Any CPU
	EndGlobalSection
	GlobalSection(ProjectConfigurationPlatforms) = postSolution
		{380011AE-17C1-44C3-A438-E7F0953ED7AA}.Debug|Any CPU.ActiveCfg = Debug|Any CPU
		{380011AE-17C1-44C3-A438-E7F0953ED7AA}.Debug|Any CPU.Build.0 = Debug|Any CPU
		{380011AE-17C1-44C3-A438-E7F0953ED7AA}.Production|Any CPU.ActiveCfg = Release|Any CPU
		{380011AE-17C1-44C3-A438-E7F0953ED7AA}.Production|Any CPU.Build.0 = Release|Any CPU
		{380011AE-17C1-44C3-A438-E7F0953ED7AA}.Release|Any CPU.ActiveCfg = Release|Any CPU
		{380011AE-17C1-44C3-A438-E7F0953ED7AA}.Release|Any CPU.Build.0 = Release|Any CPU
		{380011AE-17C1-44C3-A438-E7F0953ED7AA}.Staging|Any CPU.ActiveCfg = Release|Any CPU
		{380011AE-17C1-44C3-A438-E7F0953ED7AA}.Staging|Any CPU.Build.0 = Release|Any CPU
	EndGlobalSection
	GlobalSection(SolutionProperties) = preSolution
		HideSolutionNode = FALSE
	EndGlobalSection
EndGlobal
